PODS:
  - LMLoading (1.0.3):
    - lottie-ios
    - SwiftLint
  - lottie-ios (3.1.8)
  - SwiftLint (0.39.2)

DEPENDENCIES:
  - LMLoading (from `../`)

SPEC REPOS:
  trunk:
    - lottie-ios
    - SwiftLint

EXTERNAL SOURCES:
  LMLoading:
    :path: "../"

SPEC CHECKSUMS:
  LMLoading: 33888e6fcb678e96529c236a0ea65dec6da58af7
  lottie-ios: 48fac6be217c76937e36e340e2d09cf7b10b7f5f
  SwiftLint: 22ccbbe3b8008684be5955693bab135e0ed6a447

PODFILE CHECKSUM: 671a11589a075950b8a96201f01203d8128ca75a

COCOAPODS: 1.9.3
