PODS:
  - KIF (3.7.8):
    - KIF/Core (= 3.7.8)
  - KIF/Core (3.7.8)
  - lottie-ios (3.1.2)
  - SwiftLint (0.34.0)

DEPENDENCIES:
  - KIF
  - lottie-ios
  - SwiftLint

SPEC REPOS:
  https://github.com/cocoapods/specs.git:
    - KIF
    - lottie-ios
    - SwiftLint

SPEC CHECKSUMS:
  KIF: 52e1af1a78cf6fe4ec6777b14776f3dd2eccc32e
  lottie-ios: 49cd85b1f24f61a7708ad7ec76a523ab2d0e3100
  SwiftLint: 79d48a17c6565dc286c37efb8322c7b450f95c67

PODFILE CHECKSUM: 0850d36da3ab0480e90763b9c464302713c0092c

COCOAPODS: 1.7.5
