PODS:
  - lottie-ios (3.1.5)
  - SwiftLint (0.38.0)

DEPENDENCIES:
  - lottie-ios
  - SwiftLint

SPEC REPOS:
  trunk:
    - lottie-ios
    - SwiftLint

SPEC CHECKSUMS:
  lottie-ios: 32bf84389337d86fbc8b12266e88452e0abf1dee
  SwiftLint: 4105f061f9812b214568b736dab580ab2c73a582

PODFILE CHECKSUM: 1f78173bbdd63a65912b27586775712de71b2fe6

COCOAPODS: 1.8.4
